{
  "version": 4,
  "terraform_version": "0.12.24",
  "serial": 116,
  "lineage": "4ff0c1fe-2aef-1662-c11e-401df3df0b2a",
  "outputs": {},
  "resources": [
    {
      "mode": "data",
      "type": "nutanix_clusters",
      "name": "clusters",
      "provider": "provider.nutanix",
      "instances": [
        {
          "schema_version": 0,
          "attributes": {
            "api_version": "3.1",
            "entities": [
              {
                "analysis_vm_efficiency_map": {
                  "bully_vm_num": "1",
                  "constrained_vm_num": "2",
                  "dead_vm_num": "0",
                  "inefficient_vm_num": "2",
                  "overprovisioned_vm_num": "0"
                },
                "api_version": "",
                "authorized_public_key_list": [],
                "build": {
                  "build_type": "release",
                  "commit_date": "",
                  "commit_id": "1d4e03549c56f04993f0eeb4a8b5905bcdcf9063",
                  "full_version": "el7.3-release-euphrates-5.17-stable-1d4e03549c56f04993f0eeb4a8b5905bcdcf9063",
                  "short_commit_id": "1d4e03",
                  "version": "5.17"
                },
                "ca_certificate_list": [],
                "categories": [],
                "certification_signing_info": {},
                "client_auth": {},
                "cluster_arch": "X86_64",
                "domain_server_credentials": {},
                "domain_server_name": "",
                "domain_server_nameserver": "",
                "enabled_feature_list": [
                  "PASSWORD_REMOTE_LOGIN_ENABLED",
                  "SHADOW_CLONES_ENABLED"
                ],
                "encryption_status": "NOT_SUPPORTED",
                "external_data_services_ip": "192.168.10.33",
                "external_ip": "192.168.10.35",
                "external_subnet": "192.168.10.0/255.255.255.0",
                "gpu_driver_version": "",
                "http_proxy_list": [],
                "http_proxy_whitelist": [],
                "internal_subnet": "192.168.5.0/255.255.255.128",
                "is_available": true,
                "management_server_list": [],
                "masquerading_ip": "",
                "masquerading_port": 0,
                "metadata": {
                  "creation_time": "2020-05-01 18:20:48 +0000 UTC",
                  "last_update_time": "2020-05-01 18:20:48 +0000 UTC",
                  "name": "",
                  "spec_hash": "",
                  "spec_version": "4",
                  "uuid": "0005a498-127b-d421-0000-0000000003e6"
                },
                "name": "Site1",
                "name_server_ip_list": [
                  "8.8.8.8"
                ],
                "nfs_subnet_whitelist": [
                  "192.168.10.10/255.255.255.255"
                ],
                "nodes": [
                  {
                    "ip": "192.168.10.31",
                    "type": "AHV",
                    "version": "el7.nutanix.20190916.158"
                  },
                  {
                    "ip": "127.0.0.1",
                    "type": "AHV",
                    "version": ""
                  }
                ],
                "ntp_server_ip_list": [
                  "8.8.8.8"
                ],
                "operation_mode": "NORMAL",
                "owner_reference": {},
                "project_reference": {},
                "service_list": [
                  "AOS"
                ],
                "smtp_server_address": {},
                "smtp_server_credentials": {},
                "smtp_server_email_address": "",
                "smtp_server_proxy_type_list": [],
                "smtp_server_type": "",
                "software_map_ncc": {
                  "software_type": "NCC",
                  "status": "INSTALLED",
                  "version": "ncc-3.9.4.1"
                },
                "software_map_nos": {
                  "software_type": "NOS",
                  "status": "INSTALLED",
                  "version": "5.17"
                },
                "ssl_key_expire_datetime": "",
                "ssl_key_name": "",
                "ssl_key_signing_info": {},
                "ssl_key_type": "",
                "state": "COMPLETE",
                "supported_information_verbosity": "BASIC_PLUS_CORE_DUMP",
                "timezone": "UTC"
              },
              {
                "analysis_vm_efficiency_map": {},
                "api_version": "",
                "authorized_public_key_list": [],
                "build": {
                  "build_type": "release",
                  "commit_date": "2020-04-24T13:33:20Z",
                  "commit_id": "1d4e03549c56f04993f0eeb4a8b5905bcdcf9063",
                  "full_version": "el7.3-release-euphrates-5.17-stable-1d4e03549c56f04993f0eeb4a8b5905bcdcf9063",
                  "short_commit_id": "1d4e03",
                  "version": "5.17"
                },
                "ca_certificate_list": [],
                "categories": [],
                "certification_signing_info": {},
                "client_auth": {},
                "cluster_arch": "X86_64",
                "domain_server_credentials": {},
                "domain_server_name": "",
                "domain_server_nameserver": "",
                "enabled_feature_list": [
                  "PASSWORD_REMOTE_LOGIN_ENABLED",
                  "SHADOW_CLONES_ENABLED"
                ],
                "encryption_status": "NOT_SUPPORTED",
                "external_data_services_ip": "",
                "external_ip": "",
                "external_subnet": "192.168.10.0/255.255.255.0",
                "gpu_driver_version": "",
                "http_proxy_list": [],
                "http_proxy_whitelist": [],
                "internal_subnet": "192.168.10.0/255.255.255.0",
                "is_available": true,
                "management_server_list": [],
                "masquerading_ip": "",
                "masquerading_port": 0,
                "metadata": {
                  "creation_time": "2020-05-01 18:10:49 +0000 UTC",
                  "last_update_time": "2020-05-01 18:10:49 +0000 UTC",
                  "name": "",
                  "spec_hash": "",
                  "spec_version": "1",
                  "uuid": "8e35c933-3e05-44cd-9996-632f8243e45f"
                },
                "name": "Unnamed",
                "name_server_ip_list": [
                  "192.168.10.1"
                ],
                "nfs_subnet_whitelist": [],
                "nodes": [],
                "ntp_server_ip_list": [
                  "192.168.10.1"
                ],
                "operation_mode": "NORMAL",
                "owner_reference": {},
                "project_reference": {},
                "service_list": [
                  "PRISM_CENTRAL"
                ],
                "smtp_server_address": {},
                "smtp_server_credentials": {},
                "smtp_server_email_address": "",
                "smtp_server_proxy_type_list": [],
                "smtp_server_type": "",
                "software_map_ncc": {
                  "software_type": "NCC",
                  "status": "INSTALLED",
                  "version": "ncc-3.9.4.1"
                },
                "software_map_nos": {
                  "software_type": "NOS",
                  "status": "INSTALLED",
                  "version": "5.17"
                },
                "ssl_key_expire_datetime": "",
                "ssl_key_name": "",
                "ssl_key_signing_info": {},
                "ssl_key_type": "",
                "state": "COMPLETE",
                "supported_information_verbosity": "",
                "timezone": "America/Los_Angeles"
              }
            ],
            "id": "terraform-20200512194022867200000001"
          }
        }
      ]
    },
    {
      "mode": "managed",
      "type": "nutanix_category_key",
      "name": "key",
      "each": "map",
      "provider": "provider.nutanix",
      "instances": [
        {
          "index_key": "FinanceApp",
          "schema_version": 0,
          "attributes": {
            "api_version": "",
            "description": "FinanceApp category",
            "id": "FinanceApp",
            "name": "FinanceApp",
            "system_defined": false
          },
          "private": "bnVsbA=="
        }
      ]
    },
    {
      "mode": "managed",
      "type": "nutanix_category_value",
      "name": "value",
      "each": "map",
      "provider": "provider.nutanix",
      "instances": [
        {
          "index_key": "FinanceApp",
          "schema_version": 0,
          "attributes": {
            "api_version": "",
            "description": "",
            "id": "FinanceApp",
            "name": "FinanceApp",
            "system_defined": false,
            "value": "FinanceApp"
          },
          "private": "bnVsbA==",
          "dependencies": [
            "nutanix_category_key.key"
          ]
        }
      ]
    }
  ]
}
